{
  "version": 4,
  "terraform_version": "0.12.20",
  "serial": 21,
  "lineage": "75fd3c64-ca6e-d4e9-6491-b3d5d5b71dfc",
  "outputs": {
    "kubeone_api": {
      "value": {
        "endpoint": "udagram-cluster-api-lb-706fea1f97c9ea22.elb.ap-southeast-1.amazonaws.com"
      },
      "type": [
        "object",
        {
          "endpoint": "string"
        }
      ]
    },
    "kubeone_hosts": {
      "value": {
        "control_plane": {
          "cloud_provider": "aws",
          "cluster_name": "udagram-cluster",
          "hostnames": [
            "ip-172-31-26-205.ap-southeast-1.compute.internal",
            "ip-172-31-43-60.ap-southeast-1.compute.internal",
            "ip-172-31-4-135.ap-southeast-1.compute.internal"
          ],
          "private_address": [
            "172.31.26.205",
            "172.31.43.60",
            "172.31.4.135"
          ],
          "public_address": [
            "13.250.39.215",
            "13.228.168.173",
            "13.251.128.254"
          ],
          "ssh_agent_socket": "env:SSH_AUTH_SOCK",
          "ssh_port": 22,
          "ssh_private_key_file": "/home/ubuntu/environment/udacity-nd-cloud-developer/udagram.pem",
          "ssh_user": "ubuntu"
        }
      },
      "type": [
        "object",
        {
          "control_plane": [
            "object",
            {
              "cloud_provider": "string",
              "cluster_name": "string",
              "hostnames": [
                "tuple",
                [
                  "string",
                  "string",
                  "string"
                ]
              ],
              "private_address": [
                "tuple",
                [
                  "string",
                  "string",
                  "string"
                ]
              ],
              "public_address": [
                "tuple",
                [
                  "string",
                  "string",
                  "string"
                ]
              ],
              "ssh_agent_socket": "string",
              "ssh_port": "number",
              "ssh_private_key_file": "string",
              "ssh_user": "string"
            }
          ]
        }
      ]
    },
    "kubeone_workers": {
      "value": {
        "udagram-cluster-pool1": {
          "providerSpec": {
            "cloudProviderSpec": {
              "ami": "ami-07ce5f60a39f1790e",
              "availabilityZone": "ap-southeast-1a",
              "diskIops": 500,
              "diskSize": 50,
              "diskType": "gp2",
              "instanceProfile": "udagram-cluster-host",
              "instanceType": "t3.medium",
              "region": "ap-southeast-1",
              "securityGroupIDs": [
                "sg-075a1267da900288b"
              ],
              "subnetId": "subnet-f502ec93",
              "tags": {
                "udagram-cluster-workers": "pool1"
              },
              "vpcId": "vpc-33757054"
            },
            "operatingSystem": "ubuntu",
            "operatingSystemSpec": {
              "distUpgradeOnBoot": false
            },
            "sshPublicKeys": [
              "ssh-rsa AAAAB3NzaC1yc2EAAAADAQABAAABAQCTKjvc225XajCQM2uDWzI8BQDg72MdjIGRoADsmnDA5NtKK9/LU1jvjKBMVZffNQkbZbLbCaOMKU9cS8GF+H4wPSSSc8br3l7J7+KQtY24LjvUKAMsKidzVRiS5G9SQ5S+Q0eY+zoTA8W+LKr17OsDmDSsJg3r+UngfSHIZTJXOFZi521FN2nC9iMVR1CxlOIuBxoNmTh2lZl9wEFnzt5TufAPiGC/7hGSOpfUJH/YPQcIQwOQXyGzzT019z9KR0T0gdXbOrX/aCoZE2G6t7fw7x7UYTSY6Fwyr2O45jaIccy23Eg67aJkIxlB5XSwl5KJxlVrYpf9mCwKKwteYw+n"
            ]
          },
          "replicas": 1
        }
      },
      "type": [
        "object",
        {
          "udagram-cluster-pool1": [
            "object",
            {
              "providerSpec": [
                "object",
                {
                  "cloudProviderSpec": [
                    "object",
                    {
                      "ami": "string",
                      "availabilityZone": "string",
                      "diskIops": "number",
                      "diskSize": "number",
                      "diskType": "string",
                      "instanceProfile": "string",
                      "instanceType": "string",
                      "region": "string",
                      "securityGroupIDs": [
                        "tuple",
                        [
                          "string"
                        ]
                      ],
                      "subnetId": "string",
                      "tags": [
                        "object",
                        {
                          "udagram-cluster-workers": "string"
                        }
                      ],
                      "vpcId": "string"
                    }
                  ],
                  "operatingSystem": "string",
                  "operatingSystemSpec": [
                    "object",
                    {
                      "distUpgradeOnBoot": "bool"
                    }
                  ],
                  "sshPublicKeys": [
                    "tuple",
                    [
                      "string"
                    ]
                  ]
                }
              ],
              "replicas": "number"
            }
          ]
        }
      ]
    }
  },
  "resources": [
    {
      "mode": "data",
      "type": "aws_ami",
      "name": "ubuntu",
      "provider": "provider.aws",
      "instances": [
        {
          "schema_version": 0,
          "attributes": {
            "architecture": "x86_64",
            "block_device_mappings": [
              {
                "device_name": "/dev/sda1",
                "ebs": {
                  "delete_on_termination": "true",
                  "encrypted": "false",
                  "iops": "0",
                  "snapshot_id": "snap-0ed4f0757f6a767dd",
                  "volume_size": "8",
                  "volume_type": "gp2"
                },
                "no_device": "",
                "virtual_name": ""
              },
              {
                "device_name": "/dev/sdb",
                "ebs": {},
                "no_device": "",
                "virtual_name": "ephemeral0"
              },
              {
                "device_name": "/dev/sdc",
                "ebs": {},
                "no_device": "",
                "virtual_name": "ephemeral1"
              }
            ],
            "creation_date": "2020-02-04T18:52:07.000Z",
            "description": "Canonical, Ubuntu, 18.04 LTS, amd64 bionic image build on 2020-01-31",
            "executable_users": null,
            "filter": [
              {
                "name": "name",
                "values": [
                  "ubuntu/images/hvm-ssd/ubuntu-bionic-18.04-amd64-server-*"
                ]
              },
              {
                "name": "virtualization-type",
                "values": [
                  "hvm"
                ]
              }
            ],
            "hypervisor": "xen",
            "id": "ami-07ce5f60a39f1790e",
            "image_id": "ami-07ce5f60a39f1790e",
            "image_location": "099720109477/ubuntu/images/hvm-ssd/ubuntu-bionic-18.04-amd64-server-20200131",
            "image_owner_alias": null,
            "image_type": "machine",
            "kernel_id": null,
            "most_recent": true,
            "name": "ubuntu/images/hvm-ssd/ubuntu-bionic-18.04-amd64-server-20200131",
            "name_regex": null,
            "owner_id": "099720109477",
            "owners": [
              "099720109477"
            ],
            "platform": null,
            "product_codes": [],
            "public": true,
            "ramdisk_id": null,
            "root_device_name": "/dev/sda1",
            "root_device_type": "ebs",
            "root_snapshot_id": "snap-0ed4f0757f6a767dd",
            "sriov_net_support": "simple",
            "state": "available",
            "state_reason": {
              "code": "UNSET",
              "message": "UNSET"
            },
            "tags": {},
            "virtualization_type": "hvm"
          }
        }
      ]
    },
    {
      "mode": "data",
      "type": "aws_availability_zones",
      "name": "available",
      "provider": "provider.aws",
      "instances": [
        {
          "schema_version": 0,
          "attributes": {
            "blacklisted_names": null,
            "blacklisted_zone_ids": null,
            "id": "2020-02-23 10:41:12.86053915 +0000 UTC",
            "names": [
              "ap-southeast-1a",
              "ap-southeast-1b",
              "ap-southeast-1c"
            ],
            "state": null,
            "zone_ids": [
              "apse1-az1",
              "apse1-az2",
              "apse1-az3"
            ]
          }
        }
      ]
    },
    {
      "mode": "data",
      "type": "aws_subnet",
      "name": "az_a",
      "provider": "provider.aws",
      "instances": [
        {
          "schema_version": 0,
          "attributes": {
            "arn": "arn:aws:ec2:ap-southeast-1:505353972116:subnet/subnet-f502ec93",
            "assign_ipv6_address_on_creation": false,
            "availability_zone": "ap-southeast-1a",
            "availability_zone_id": "apse1-az1",
            "cidr_block": "172.31.16.0/20",
            "default_for_az": true,
            "filter": null,
            "id": "subnet-f502ec93",
            "ipv6_cidr_block": null,
            "ipv6_cidr_block_association_id": null,
            "map_public_ip_on_launch": true,
            "owner_id": "505353972116",
            "state": "available",
            "tags": {},
            "vpc_id": "vpc-33757054"
          }
        }
      ]
    },
    {
      "mode": "data",
      "type": "aws_subnet",
      "name": "az_b",
      "provider": "provider.aws",
      "instances": [
        {
          "schema_version": 0,
          "attributes": {
            "arn": "arn:aws:ec2:ap-southeast-1:505353972116:subnet/subnet-80716fc9",
            "assign_ipv6_address_on_creation": false,
            "availability_zone": "ap-southeast-1b",
            "availability_zone_id": "apse1-az2",
            "cidr_block": "172.31.32.0/20",
            "default_for_az": true,
            "filter": null,
            "id": "subnet-80716fc9",
            "ipv6_cidr_block": null,
            "ipv6_cidr_block_association_id": null,
            "map_public_ip_on_launch": true,
            "owner_id": "505353972116",
            "state": "available",
            "tags": {},
            "vpc_id": "vpc-33757054"
          }
        }
      ]
    },
    {
      "mode": "data",
      "type": "aws_subnet",
      "name": "az_c",
      "provider": "provider.aws",
      "instances": [
        {
          "schema_version": 0,
          "attributes": {
            "arn": "arn:aws:ec2:ap-southeast-1:505353972116:subnet/subnet-01923758",
            "assign_ipv6_address_on_creation": false,
            "availability_zone": "ap-southeast-1c",
            "availability_zone_id": "apse1-az3",
            "cidr_block": "172.31.0.0/20",
            "default_for_az": true,
            "filter": null,
            "id": "subnet-01923758",
            "ipv6_cidr_block": null,
            "ipv6_cidr_block_association_id": null,
            "map_public_ip_on_launch": true,
            "owner_id": "505353972116",
            "state": "available",
            "tags": {},
            "vpc_id": "vpc-33757054"
          }
        }
      ]
    },
    {
      "mode": "data",
      "type": "aws_subnet_ids",
      "name": "default",
      "provider": "provider.aws",
      "instances": [
        {
          "schema_version": 0,
          "attributes": {
            "filter": null,
            "id": "vpc-33757054",
            "ids": [
              "subnet-01923758",
              "subnet-80716fc9",
              "subnet-f502ec93"
            ],
            "tags": null,
            "vpc_id": "vpc-33757054"
          }
        }
      ]
    },
    {
      "mode": "managed",
      "type": "aws_default_vpc",
      "name": "default",
      "provider": "provider.aws",
      "instances": [
        {
          "schema_version": 1,
          "attributes": {
            "arn": "arn:aws:ec2:ap-southeast-1:505353972116:vpc/vpc-33757054",
            "assign_generated_ipv6_cidr_block": false,
            "cidr_block": "172.31.0.0/16",
            "default_network_acl_id": "acl-6dbb140b",
            "default_route_table_id": "rtb-d7860fb1",
            "default_security_group_id": "sg-2aae2f56",
            "dhcp_options_id": "dopt-bf2b17d8",
            "enable_classiclink": false,
            "enable_classiclink_dns_support": false,
            "enable_dns_hostnames": true,
            "enable_dns_support": true,
            "id": "vpc-33757054",
            "instance_tenancy": "default",
            "ipv6_association_id": "",
            "ipv6_cidr_block": "",
            "main_route_table_id": "rtb-d7860fb1",
            "owner_id": "505353972116",
            "tags": null
          },
          "private": "eyJzY2hlbWFfdmVyc2lvbiI6IjEifQ=="
        }
      ]
    },
    {
      "mode": "managed",
      "type": "aws_iam_instance_profile",
      "name": "profile",
      "provider": "provider.aws",
      "instances": [
        {
          "schema_version": 0,
          "attributes": {
            "arn": "arn:aws:iam::505353972116:instance-profile/udagram-cluster-host",
            "create_date": "2020-02-23T10:41:25Z",
            "id": "udagram-cluster-host",
            "name": "udagram-cluster-host",
            "name_prefix": null,
            "path": "/",
            "role": "udagram-cluster-host",
            "roles": [],
            "unique_id": "AIPAXLKLRVGKBMXYQA3XF"
          },
          "private": "bnVsbA==",
          "dependencies": [
            "aws_iam_role.role"
          ]
        }
      ]
    },
    {
      "mode": "managed",
      "type": "aws_iam_role",
      "name": "role",
      "provider": "provider.aws",
      "instances": [
        {
          "schema_version": 0,
          "attributes": {
            "arn": "arn:aws:iam::505353972116:role/udagram-cluster-host",
            "assume_role_policy": "{\"Version\":\"2012-10-17\",\"Statement\":[{\"Sid\":\"\",\"Effect\":\"Allow\",\"Principal\":{\"Service\":\"ec2.amazonaws.com\"},\"Action\":\"sts:AssumeRole\"}]}",
            "create_date": "2020-02-23T10:41:23Z",
            "description": "",
            "force_detach_policies": false,
            "id": "udagram-cluster-host",
            "max_session_duration": 3600,
            "name": "udagram-cluster-host",
            "name_prefix": null,
            "path": "/",
            "permissions_boundary": null,
            "tags": null,
            "unique_id": "AROAXLKLRVGKPZGJHCHVC"
          },
          "private": "bnVsbA=="
        }
      ]
    },
    {
      "mode": "managed",
      "type": "aws_iam_role_policy",
      "name": "policy",
      "provider": "provider.aws",
      "instances": [
        {
          "schema_version": 0,
          "attributes": {
            "id": "udagram-cluster-host:udagram-cluster-host",
            "name": "udagram-cluster-host",
            "name_prefix": null,
            "policy": "{\n  \"Version\": \"2012-10-17\",\n  \"Statement\": [\n    {\n      \"Effect\": \"Allow\",\n      \"Action\": [\"ec2:*\"],\n      \"Resource\": [\"*\"]\n    },\n    {\n      \"Effect\": \"Allow\",\n      \"Action\": [\"elasticloadbalancing:*\"],\n      \"Resource\": [\"*\"]\n    }\n  ]\n}\n",
            "role": "udagram-cluster-host"
          },
          "private": "bnVsbA==",
          "dependencies": [
            "aws_iam_role.role"
          ]
        }
      ]
    },
    {
      "mode": "managed",
      "type": "aws_instance",
      "name": "control_plane",
      "each": "list",
      "provider": "provider.aws",
      "instances": [
        {
          "index_key": 0,
          "schema_version": 1,
          "attributes": {
            "ami": "ami-07ce5f60a39f1790e",
            "arn": "arn:aws:ec2:ap-southeast-1:505353972116:instance/i-0998b6fadc9f054d9",
            "associate_public_ip_address": true,
            "availability_zone": "ap-southeast-1a",
            "cpu_core_count": 1,
            "cpu_threads_per_core": 2,
            "credit_specification": [
              {
                "cpu_credits": "unlimited"
              }
            ],
            "disable_api_termination": false,
            "ebs_block_device": [],
            "ebs_optimized": true,
            "ephemeral_block_device": [],
            "get_password_data": false,
            "hibernation": false,
            "host_id": null,
            "iam_instance_profile": "udagram-cluster-host",
            "id": "i-0998b6fadc9f054d9",
            "instance_initiated_shutdown_behavior": null,
            "instance_state": "running",
            "instance_type": "t3.medium",
            "ipv6_address_count": 0,
            "ipv6_addresses": [],
            "key_name": "udagram-cluster-deployer-key",
            "monitoring": false,
            "network_interface": [],
            "network_interface_id": null,
            "password_data": "",
            "placement_group": "",
            "primary_network_interface_id": "eni-03dce6e11ca2a006b",
            "private_dns": "ip-172-31-26-205.ap-southeast-1.compute.internal",
            "private_ip": "172.31.26.205",
            "public_dns": "ec2-13-250-39-215.ap-southeast-1.compute.amazonaws.com",
            "public_ip": "13.250.39.215",
            "root_block_device": [
              {
                "delete_on_termination": true,
                "encrypted": false,
                "iops": 300,
                "kms_key_id": "",
                "volume_id": "vol-01e0b2776088844fc",
                "volume_size": 100,
                "volume_type": "gp2"
              }
            ],
            "security_groups": [
              "udagram-cluster-common",
              "udagram-cluster-control_planes"
            ],
            "source_dest_check": true,
            "subnet_id": "subnet-f502ec93",
            "tags": {
              "Name": "udagram-cluster-control_plane-1",
              "kubernetes.io/cluster/udagram-cluster": "shared"
            },
            "tenancy": "default",
            "timeouts": null,
            "user_data": null,
            "user_data_base64": null,
            "volume_tags": {},
            "vpc_security_group_ids": [
              "sg-0515aedd12445f30d",
              "sg-075a1267da900288b"
            ]
          },
          "private": "eyJlMmJmYjczMC1lY2FhLTExZTYtOGY4OC0zNDM2M2JjN2M0YzAiOnsiY3JlYXRlIjo2MDAwMDAwMDAwMDAsImRlbGV0ZSI6MTIwMDAwMDAwMDAwMCwidXBkYXRlIjo2MDAwMDAwMDAwMDB9LCJzY2hlbWFfdmVyc2lvbiI6IjEifQ==",
          "dependencies": [
            "aws_default_vpc.default",
            "aws_iam_instance_profile.profile",
            "aws_iam_role.role",
            "aws_key_pair.deployer",
            "aws_security_group.common",
            "aws_security_group.control_plane"
          ]
        },
        {
          "index_key": 1,
          "schema_version": 1,
          "attributes": {
            "ami": "ami-07ce5f60a39f1790e",
            "arn": "arn:aws:ec2:ap-southeast-1:505353972116:instance/i-0d5f7a550c21585fb",
            "associate_public_ip_address": true,
            "availability_zone": "ap-southeast-1b",
            "cpu_core_count": 1,
            "cpu_threads_per_core": 2,
            "credit_specification": [
              {
                "cpu_credits": "unlimited"
              }
            ],
            "disable_api_termination": false,
            "ebs_block_device": [],
            "ebs_optimized": true,
            "ephemeral_block_device": [],
            "get_password_data": false,
            "hibernation": false,
            "host_id": null,
            "iam_instance_profile": "udagram-cluster-host",
            "id": "i-0d5f7a550c21585fb",
            "instance_initiated_shutdown_behavior": null,
            "instance_state": "running",
            "instance_type": "t3.medium",
            "ipv6_address_count": 0,
            "ipv6_addresses": [],
            "key_name": "udagram-cluster-deployer-key",
            "monitoring": false,
            "network_interface": [],
            "network_interface_id": null,
            "password_data": "",
            "placement_group": "",
            "primary_network_interface_id": "eni-024b77eb81095a644",
            "private_dns": "ip-172-31-43-60.ap-southeast-1.compute.internal",
            "private_ip": "172.31.43.60",
            "public_dns": "ec2-13-228-168-173.ap-southeast-1.compute.amazonaws.com",
            "public_ip": "13.228.168.173",
            "root_block_device": [
              {
                "delete_on_termination": true,
                "encrypted": false,
                "iops": 300,
                "kms_key_id": "",
                "volume_id": "vol-02c013b08ddbcd1be",
                "volume_size": 100,
                "volume_type": "gp2"
              }
            ],
            "security_groups": [
              "udagram-cluster-common",
              "udagram-cluster-control_planes"
            ],
            "source_dest_check": true,
            "subnet_id": "subnet-80716fc9",
            "tags": {
              "Name": "udagram-cluster-control_plane-2",
              "kubernetes.io/cluster/udagram-cluster": "shared"
            },
            "tenancy": "default",
            "timeouts": null,
            "user_data": null,
            "user_data_base64": null,
            "volume_tags": {},
            "vpc_security_group_ids": [
              "sg-0515aedd12445f30d",
              "sg-075a1267da900288b"
            ]
          },
          "private": "eyJlMmJmYjczMC1lY2FhLTExZTYtOGY4OC0zNDM2M2JjN2M0YzAiOnsiY3JlYXRlIjo2MDAwMDAwMDAwMDAsImRlbGV0ZSI6MTIwMDAwMDAwMDAwMCwidXBkYXRlIjo2MDAwMDAwMDAwMDB9LCJzY2hlbWFfdmVyc2lvbiI6IjEifQ==",
          "dependencies": [
            "aws_default_vpc.default",
            "aws_iam_instance_profile.profile",
            "aws_iam_role.role",
            "aws_key_pair.deployer",
            "aws_security_group.common",
            "aws_security_group.control_plane"
          ]
        },
        {
          "index_key": 2,
          "schema_version": 1,
          "attributes": {
            "ami": "ami-07ce5f60a39f1790e",
            "arn": "arn:aws:ec2:ap-southeast-1:505353972116:instance/i-0858585b2c9871168",
            "associate_public_ip_address": true,
            "availability_zone": "ap-southeast-1c",
            "cpu_core_count": 1,
            "cpu_threads_per_core": 2,
            "credit_specification": [
              {
                "cpu_credits": "unlimited"
              }
            ],
            "disable_api_termination": false,
            "ebs_block_device": [],
            "ebs_optimized": true,
            "ephemeral_block_device": [],
            "get_password_data": false,
            "hibernation": false,
            "host_id": null,
            "iam_instance_profile": "udagram-cluster-host",
            "id": "i-0858585b2c9871168",
            "instance_initiated_shutdown_behavior": null,
            "instance_state": "running",
            "instance_type": "t3.medium",
            "ipv6_address_count": 0,
            "ipv6_addresses": [],
            "key_name": "udagram-cluster-deployer-key",
            "monitoring": false,
            "network_interface": [],
            "network_interface_id": null,
            "password_data": "",
            "placement_group": "",
            "primary_network_interface_id": "eni-0f8e3f2d016965024",
            "private_dns": "ip-172-31-4-135.ap-southeast-1.compute.internal",
            "private_ip": "172.31.4.135",
            "public_dns": "ec2-13-251-128-254.ap-southeast-1.compute.amazonaws.com",
            "public_ip": "13.251.128.254",
            "root_block_device": [
              {
                "delete_on_termination": true,
                "encrypted": false,
                "iops": 300,
                "kms_key_id": "",
                "volume_id": "vol-06d9a9c346c053c0f",
                "volume_size": 100,
                "volume_type": "gp2"
              }
            ],
            "security_groups": [
              "udagram-cluster-common",
              "udagram-cluster-control_planes"
            ],
            "source_dest_check": true,
            "subnet_id": "subnet-01923758",
            "tags": {
              "Name": "udagram-cluster-control_plane-3",
              "kubernetes.io/cluster/udagram-cluster": "shared"
            },
            "tenancy": "default",
            "timeouts": null,
            "user_data": null,
            "user_data_base64": null,
            "volume_tags": {},
            "vpc_security_group_ids": [
              "sg-0515aedd12445f30d",
              "sg-075a1267da900288b"
            ]
          },
          "private": "eyJlMmJmYjczMC1lY2FhLTExZTYtOGY4OC0zNDM2M2JjN2M0YzAiOnsiY3JlYXRlIjo2MDAwMDAwMDAwMDAsImRlbGV0ZSI6MTIwMDAwMDAwMDAwMCwidXBkYXRlIjo2MDAwMDAwMDAwMDB9LCJzY2hlbWFfdmVyc2lvbiI6IjEifQ==",
          "dependencies": [
            "aws_default_vpc.default",
            "aws_iam_instance_profile.profile",
            "aws_iam_role.role",
            "aws_key_pair.deployer",
            "aws_security_group.common",
            "aws_security_group.control_plane"
          ]
        }
      ]
    },
    {
      "mode": "managed",
      "type": "aws_key_pair",
      "name": "deployer",
      "provider": "provider.aws",
      "instances": [
        {
          "schema_version": 1,
          "attributes": {
            "fingerprint": "5b:fb:c9:0a:60:3e:da:d9:f0:cf:02:07:e8:94:b2:a9",
            "id": "udagram-cluster-deployer-key",
            "key_name": "udagram-cluster-deployer-key",
            "key_name_prefix": null,
            "key_pair_id": "key-060a3f9b929d62865",
            "public_key": "ssh-rsa AAAAB3NzaC1yc2EAAAADAQABAAABAQCTKjvc225XajCQM2uDWzI8BQDg72MdjIGRoADsmnDA5NtKK9/LU1jvjKBMVZffNQkbZbLbCaOMKU9cS8GF+H4wPSSSc8br3l7J7+KQtY24LjvUKAMsKidzVRiS5G9SQ5S+Q0eY+zoTA8W+LKr17OsDmDSsJg3r+UngfSHIZTJXOFZi521FN2nC9iMVR1CxlOIuBxoNmTh2lZl9wEFnzt5TufAPiGC/7hGSOpfUJH/YPQcIQwOQXyGzzT019z9KR0T0gdXbOrX/aCoZE2G6t7fw7x7UYTSY6Fwyr2O45jaIccy23Eg67aJkIxlB5XSwl5KJxlVrYpf9mCwKKwteYw+n",
            "tags": null
          },
          "private": "eyJzY2hlbWFfdmVyc2lvbiI6IjEifQ=="
        }
      ]
    },
    {
      "mode": "managed",
      "type": "aws_lb",
      "name": "control_plane",
      "provider": "provider.aws",
      "instances": [
        {
          "schema_version": 0,
          "attributes": {
            "access_logs": [
              {
                "bucket": "",
                "enabled": false,
                "prefix": ""
              }
            ],
            "arn": "arn:aws:elasticloadbalancing:ap-southeast-1:505353972116:loadbalancer/net/udagram-cluster-api-lb/706fea1f97c9ea22",
            "arn_suffix": "net/udagram-cluster-api-lb/706fea1f97c9ea22",
            "dns_name": "udagram-cluster-api-lb-706fea1f97c9ea22.elb.ap-southeast-1.amazonaws.com",
            "enable_cross_zone_load_balancing": false,
            "enable_deletion_protection": false,
            "enable_http2": null,
            "id": "arn:aws:elasticloadbalancing:ap-southeast-1:505353972116:loadbalancer/net/udagram-cluster-api-lb/706fea1f97c9ea22",
            "idle_timeout": null,
            "internal": false,
            "ip_address_type": "ipv4",
            "load_balancer_type": "network",
            "name": "udagram-cluster-api-lb",
            "name_prefix": null,
            "security_groups": [],
            "subnet_mapping": [
              {
                "allocation_id": "",
                "subnet_id": "subnet-01923758"
              },
              {
                "allocation_id": "",
                "subnet_id": "subnet-80716fc9"
              },
              {
                "allocation_id": "",
                "subnet_id": "subnet-f502ec93"
              }
            ],
            "subnets": [
              "subnet-01923758",
              "subnet-80716fc9",
              "subnet-f502ec93"
            ],
            "tags": {
              "Cluster": "udagram-cluster",
              "kubernetes.io/cluster/udagram-cluster": "shared"
            },
            "timeouts": null,
            "vpc_id": "vpc-33757054",
            "zone_id": "ZKVM4W9LS7TM"
          },
          "private": "eyJlMmJmYjczMC1lY2FhLTExZTYtOGY4OC0zNDM2M2JjN2M0YzAiOnsiY3JlYXRlIjo2MDAwMDAwMDAwMDAsImRlbGV0ZSI6NjAwMDAwMDAwMDAwLCJ1cGRhdGUiOjYwMDAwMDAwMDAwMH19",
          "dependencies": [
            "aws_default_vpc.default"
          ]
        }
      ]
    },
    {
      "mode": "managed",
      "type": "aws_lb_listener",
      "name": "control_plane_api",
      "provider": "provider.aws",
      "instances": [
        {
          "schema_version": 0,
          "attributes": {
            "arn": "arn:aws:elasticloadbalancing:ap-southeast-1:505353972116:listener/net/udagram-cluster-api-lb/706fea1f97c9ea22/d76392c8e2ea9ecc",
            "certificate_arn": null,
            "default_action": [
              {
                "authenticate_cognito": [],
                "authenticate_oidc": [],
                "fixed_response": [],
                "order": 1,
                "redirect": [],
                "target_group_arn": "arn:aws:elasticloadbalancing:ap-southeast-1:505353972116:targetgroup/udagram-cluster-api/f310c0df48c672b8",
                "type": "forward"
              }
            ],
            "id": "arn:aws:elasticloadbalancing:ap-southeast-1:505353972116:listener/net/udagram-cluster-api-lb/706fea1f97c9ea22/d76392c8e2ea9ecc",
            "load_balancer_arn": "arn:aws:elasticloadbalancing:ap-southeast-1:505353972116:loadbalancer/net/udagram-cluster-api-lb/706fea1f97c9ea22",
            "port": 6443,
            "protocol": "TCP",
            "ssl_policy": "",
            "timeouts": null
          },
          "private": "eyJlMmJmYjczMC1lY2FhLTExZTYtOGY4OC0zNDM2M2JjN2M0YzAiOnsicmVhZCI6NjAwMDAwMDAwMDAwfX0=",
          "dependencies": [
            "aws_default_vpc.default",
            "aws_lb.control_plane",
            "aws_lb_target_group.control_plane_api"
          ]
        }
      ]
    },
    {
      "mode": "managed",
      "type": "aws_lb_target_group",
      "name": "control_plane_api",
      "provider": "provider.aws",
      "instances": [
        {
          "schema_version": 0,
          "attributes": {
            "arn": "arn:aws:elasticloadbalancing:ap-southeast-1:505353972116:targetgroup/udagram-cluster-api/f310c0df48c672b8",
            "arn_suffix": "targetgroup/udagram-cluster-api/f310c0df48c672b8",
            "deregistration_delay": 300,
            "health_check": [
              {
                "enabled": true,
                "healthy_threshold": 3,
                "interval": 30,
                "matcher": "",
                "path": "",
                "port": "traffic-port",
                "protocol": "TCP",
                "timeout": 10,
                "unhealthy_threshold": 3
              }
            ],
            "id": "arn:aws:elasticloadbalancing:ap-southeast-1:505353972116:targetgroup/udagram-cluster-api/f310c0df48c672b8",
            "lambda_multi_value_headers_enabled": false,
            "name": "udagram-cluster-api",
            "name_prefix": null,
            "port": 6443,
            "protocol": "TCP",
            "proxy_protocol_v2": false,
            "slow_start": 0,
            "stickiness": [],
            "tags": null,
            "target_type": "instance",
            "vpc_id": "vpc-33757054"
          },
          "private": "bnVsbA==",
          "dependencies": [
            "aws_default_vpc.default"
          ]
        }
      ]
    },
    {
      "mode": "managed",
      "type": "aws_lb_target_group_attachment",
      "name": "control_plane_api",
      "each": "list",
      "provider": "provider.aws",
      "instances": [
        {
          "index_key": 0,
          "schema_version": 0,
          "attributes": {
            "availability_zone": null,
            "id": "arn:aws:elasticloadbalancing:ap-southeast-1:505353972116:targetgroup/udagram-cluster-api/f310c0df48c672b8-20200223104156298800000002",
            "port": 6443,
            "target_group_arn": "arn:aws:elasticloadbalancing:ap-southeast-1:505353972116:targetgroup/udagram-cluster-api/f310c0df48c672b8",
            "target_id": "i-0998b6fadc9f054d9"
          },
          "private": "bnVsbA==",
          "dependencies": [
            "aws_default_vpc.default",
            "aws_iam_instance_profile.profile",
            "aws_iam_role.role",
            "aws_instance.control_plane",
            "aws_key_pair.deployer",
            "aws_lb_target_group.control_plane_api",
            "aws_security_group.common",
            "aws_security_group.control_plane"
          ]
        },
        {
          "index_key": 1,
          "schema_version": 0,
          "attributes": {
            "availability_zone": null,
            "id": "arn:aws:elasticloadbalancing:ap-southeast-1:505353972116:targetgroup/udagram-cluster-api/f310c0df48c672b8-20200223104156381700000003",
            "port": 6443,
            "target_group_arn": "arn:aws:elasticloadbalancing:ap-southeast-1:505353972116:targetgroup/udagram-cluster-api/f310c0df48c672b8",
            "target_id": "i-0d5f7a550c21585fb"
          },
          "private": "bnVsbA==",
          "dependencies": [
            "aws_default_vpc.default",
            "aws_iam_instance_profile.profile",
            "aws_iam_role.role",
            "aws_instance.control_plane",
            "aws_key_pair.deployer",
            "aws_lb_target_group.control_plane_api",
            "aws_security_group.common",
            "aws_security_group.control_plane"
          ]
        },
        {
          "index_key": 2,
          "schema_version": 0,
          "attributes": {
            "availability_zone": null,
            "id": "arn:aws:elasticloadbalancing:ap-southeast-1:505353972116:targetgroup/udagram-cluster-api/f310c0df48c672b8-20200223104156275700000001",
            "port": 6443,
            "target_group_arn": "arn:aws:elasticloadbalancing:ap-southeast-1:505353972116:targetgroup/udagram-cluster-api/f310c0df48c672b8",
            "target_id": "i-0858585b2c9871168"
          },
          "private": "bnVsbA==",
          "dependencies": [
            "aws_default_vpc.default",
            "aws_iam_instance_profile.profile",
            "aws_iam_role.role",
            "aws_instance.control_plane",
            "aws_key_pair.deployer",
            "aws_lb_target_group.control_plane_api",
            "aws_security_group.common",
            "aws_security_group.control_plane"
          ]
        }
      ]
    },
    {
      "mode": "managed",
      "type": "aws_security_group",
      "name": "common",
      "provider": "provider.aws",
      "instances": [
        {
          "schema_version": 1,
          "attributes": {
            "arn": "arn:aws:ec2:ap-southeast-1:505353972116:security-group/sg-075a1267da900288b",
            "description": "cluster common rules",
            "egress": [
              {
                "cidr_blocks": [
                  "0.0.0.0/0"
                ],
                "description": "",
                "from_port": 0,
                "ipv6_cidr_blocks": [],
                "prefix_list_ids": [],
                "protocol": "-1",
                "security_groups": [],
                "self": false,
                "to_port": 0
              }
            ],
            "id": "sg-075a1267da900288b",
            "ingress": [
              {
                "cidr_blocks": [
                  "0.0.0.0/0"
                ],
                "description": "",
                "from_port": 22,
                "ipv6_cidr_blocks": [],
                "prefix_list_ids": [],
                "protocol": "tcp",
                "security_groups": [],
                "self": false,
                "to_port": 22
              },
              {
                "cidr_blocks": [],
                "description": "",
                "from_port": 0,
                "ipv6_cidr_blocks": [],
                "prefix_list_ids": [],
                "protocol": "-1",
                "security_groups": [],
                "self": true,
                "to_port": 0
              }
            ],
            "name": "udagram-cluster-common",
            "name_prefix": null,
            "owner_id": "505353972116",
            "revoke_rules_on_delete": false,
            "tags": {
              "kubernetes.io/cluster/udagram-cluster": "shared"
            },
            "timeouts": null,
            "vpc_id": "vpc-33757054"
          },
          "private": "eyJlMmJmYjczMC1lY2FhLTExZTYtOGY4OC0zNDM2M2JjN2M0YzAiOnsiY3JlYXRlIjo2MDAwMDAwMDAwMDAsImRlbGV0ZSI6NjAwMDAwMDAwMDAwfSwic2NoZW1hX3ZlcnNpb24iOiIxIn0=",
          "dependencies": [
            "aws_default_vpc.default"
          ]
        }
      ]
    },
    {
      "mode": "managed",
      "type": "aws_security_group",
      "name": "control_plane",
      "provider": "provider.aws",
      "instances": [
        {
          "schema_version": 1,
          "attributes": {
            "arn": "arn:aws:ec2:ap-southeast-1:505353972116:security-group/sg-0515aedd12445f30d",
            "description": "cluster control_planes",
            "egress": [],
            "id": "sg-0515aedd12445f30d",
            "ingress": [
              {
                "cidr_blocks": [
                  "0.0.0.0/0"
                ],
                "description": "",
                "from_port": 6443,
                "ipv6_cidr_blocks": [],
                "prefix_list_ids": [],
                "protocol": "tcp",
                "security_groups": [],
                "self": false,
                "to_port": 6443
              }
            ],
            "name": "udagram-cluster-control_planes",
            "name_prefix": null,
            "owner_id": "505353972116",
            "revoke_rules_on_delete": false,
            "tags": {
              "kubernetes.io/cluster/udagram-cluster": "shared"
            },
            "timeouts": null,
            "vpc_id": "vpc-33757054"
          },
          "private": "eyJlMmJmYjczMC1lY2FhLTExZTYtOGY4OC0zNDM2M2JjN2M0YzAiOnsiY3JlYXRlIjo2MDAwMDAwMDAwMDAsImRlbGV0ZSI6NjAwMDAwMDAwMDAwfSwic2NoZW1hX3ZlcnNpb24iOiIxIn0=",
          "dependencies": [
            "aws_default_vpc.default"
          ]
        }
      ]
    }
  ]
}
